{
  "nodes": {
    "flake-parts": {
      "inputs": {
        "nixpkgs-lib": "nixpkgs-lib"
      },
      "locked": {
        "lastModified": 1701473968,
        "narHash": "sha256-YcVE5emp1qQ8ieHUnxt1wCZCC3ZfAS+SRRWZ2TMda7E=",
        "owner": "hercules-ci",
        "repo": "flake-parts",
        "rev": "34fed993f1674c8d06d58b37ce1e0fe5eebcb9f5",
        "type": "github"
      },
      "original": {
        "owner": "hercules-ci",
        "repo": "flake-parts",
        "type": "github"
      }
    },
    "flake-parts_2": {
      "inputs": {
        "nixpkgs-lib": [
          "hercules-ci-effects",
          "nixpkgs"
        ]
      },
      "locked": {
        "lastModified": 1696343447,
        "narHash": "sha256-B2xAZKLkkeRFG5XcHHSXXcP7To9Xzr59KXeZiRf4vdQ=",
        "owner": "hercules-ci",
        "repo": "flake-parts",
        "rev": "c9afaba3dfa4085dbd2ccb38dfade5141e33d9d4",
        "type": "github"
      },
      "original": {
        "id": "flake-parts",
        "type": "indirect"
      }
    },
    "haiku-buildtools-src": {
      "flake": false,
      "locked": {
        "lastModified": 1737081147,
        "narHash": "sha256-QjMSeNtLQyh/XFfEqemnUnlRYvirNa6l6sNKbrwQf48=",
        "owner": "haiku",
        "repo": "buildtools",
        "rev": "7ab022f6e65571ab9e1054f62976a358652f3af8",
        "type": "github"
      },
      "original": {
        "owner": "haiku",
        "repo": "buildtools",
        "type": "github"
      }
    },
    "haiku-src": {
      "flake": false,
      "locked": {
        "lastModified": 1743235652,
        "narHash": "sha256-OO59iyuYotyj/1Iqh1R9fKDWYWcAMifHAeup9xfu/sE=",
        "owner": "haiku",
        "repo": "haiku",
        "rev": "c2aac25319469a8fe0220d8960601f35e6287ca1",
        "type": "github"
      },
      "original": {
        "owner": "haiku",
        "repo": "haiku",
        "type": "github"
      }
    },
    "haikuporter-src": {
      "flake": false,
      "locked": {
        "lastModified": 1743323930,
        "narHash": "sha256-yzsvAgarYvcjls6kOthWYDheLiKKvXG9vtCJGrTQtVw=",
        "owner": "haikuports",
        "repo": "haikuporter",
        "rev": "6c91e698740c32cdf40be2b150aa28f3dd5843e4",
        "type": "github"
      },
      "original": {
        "owner": "haikuports",
        "repo": "haikuporter",
        "type": "github"
      }
    },
    "haikuports-cross-src": {
      "flake": false,
      "locked": {
        "lastModified": 1729282022,
        "narHash": "sha256-RR6jUOCrwzb6Ou/42pF0hlPdF+Pl73E3oHunY7GQV6U=",
        "owner": "haikuports",
        "repo": "haikuports.cross",
        "rev": "6429d0f628a0546955c446f587e89c0c7be5525e",
        "type": "github"
      },
      "original": {
        "owner": "haikuports",
        "repo": "haikuports.cross",
        "type": "github"
      }
    },
    "haikuports-src": {
      "flake": false,
      "locked": {
        "lastModified": 1743428339,
        "narHash": "sha256-/s/Nm4+jhmuSMar2s27zMmydZLTnKfb30ph7+fyiAOE=",
        "owner": "haikuports",
        "repo": "haikuports",
        "rev": "72d7b09753d25f5f4dabbb6d20ae6a3023331fb7",
        "type": "github"
      },
      "original": {
        "owner": "haikuports",
        "repo": "haikuports",
        "type": "github"
      }
    },
    "hercules-ci-effects": {
      "inputs": {
        "flake-parts": "flake-parts_2",
        "nixpkgs": "nixpkgs"
      },
      "locked": {
        "lastModified": 1701009247,
        "narHash": "sha256-GuX16rzRze2y7CsewJLTV6qXkXWyEwp6VCZXi8HLruU=",
        "owner": "hercules-ci",
        "repo": "hercules-ci-effects",
        "rev": "31b6cd7569191bfcd0a548575b0e2ef953ed7d09",
        "type": "github"
      },
      "original": {
        "owner": "hercules-ci",
        "repo": "hercules-ci-effects",
        "type": "github"
      }
    },
    "nixpkgs": {
      "locked": {
        "lastModified": 1697723726,
        "narHash": "sha256-SaTWPkI8a5xSHX/rrKzUe+/uVNy6zCGMXgoeMb7T9rg=",
        "owner": "NixOS",
        "repo": "nixpkgs",
        "rev": "7c9cc5a6e5d38010801741ac830a3f8fd667a7a0",
        "type": "github"
      },
      "original": {
        "owner": "NixOS",
        "ref": "nixos-unstable",
        "repo": "nixpkgs",
        "type": "github"
      }
    },
    "nixpkgs-lib": {
      "locked": {
        "dir": "lib",
        "lastModified": 1701253981,
        "narHash": "sha256-ztaDIyZ7HrTAfEEUt9AtTDNoCYxUdSd6NrRHaYOIxtk=",
        "owner": "NixOS",
        "repo": "nixpkgs",
        "rev": "e92039b55bcd58469325ded85d4f58dd5a4eaf58",
        "type": "github"
      },
      "original": {
        "dir": "lib",
        "owner": "NixOS",
        "ref": "nixos-unstable",
        "repo": "nixpkgs",
        "type": "github"
      }
    },
    "nixpkgs_2": {
      "locked": {
        "lastModified": 1743315132,
        "narHash": "sha256-6hl6L/tRnwubHcA4pfUUtk542wn2Om+D4UnDhlDW9BE=",
        "owner": "nixos",
        "repo": "nixpkgs",
        "rev": "52faf482a3889b7619003c0daec593a1912fddc1",
        "type": "github"
      },
      "original": {
        "owner": "nixos",
        "ref": "nixos-unstable",
        "repo": "nixpkgs",
        "type": "github"
      }
    },
    "osx-kvm": {
      "flake": false,
      "locked": {
        "lastModified": 1701316418,
        "narHash": "sha256-Sk8LYhFovoMX1ln7DWYArJQphW2a4h8Xg7/ZEZXwZv4=",
        "owner": "kholia",
        "repo": "OSX-KVM",
        "rev": "09daff670a7eb9ff616073df329586c5995623a9",
        "type": "github"
      },
      "original": {
        "owner": "kholia",
        "repo": "OSX-KVM",
        "type": "github"
      }
    },
    "root": {
      "inputs": {
        "flake-parts": "flake-parts",
        "haiku-buildtools-src": "haiku-buildtools-src",
        "haiku-src": "haiku-src",
        "haikuporter-src": "haikuporter-src",
        "haikuports-cross-src": "haikuports-cross-src",
        "haikuports-src": "haikuports-src",
        "hercules-ci-effects": "hercules-ci-effects",
        "nixpkgs": "nixpkgs_2",
        "osx-kvm": "osx-kvm"
      }
    }
  },
  "root": "root",
  "version": 7
}
